
Microsoft Visual Studio Solution File, Format Version 12.00
# Visual Studio Version 16
VisualStudioVersion = 16.0.30804.86
MinimumVisualStudioVersion = 10.0.40219.1
Project("{9A19103F-16F7-4668-BE54-9A1E7A4F7556}") = "Api", "Api.csproj", "{0C96538F-0A5C-485D-80F2-ECB01778A604}"
EndProject
Global
	GlobalSection(SolutionConfigurationPlatforms) = preSolution
		Debug|Any CPU = Debug|Any CPU
		Release|Any CPU = Release|Any CPU
	EndGlobalSection
	GlobalSection(ProjectConfigurationPlatforms) = postSolution
		{0C96538F-0A5C-485D-80F2-ECB01778A604}.Debug|Any CPU.ActiveCfg = Debug|Any CPU
		{0C96538F-0A5C-485D-80F2-ECB01778A604}.Debug|Any CPU.Build.0 = Debug|Any CPU
		{0C96538F-0A5C-485D-80F2-ECB01778A604}.Release|Any CPU.ActiveCfg = Release|Any CPU
		{0C96538F-0A5C-485D-80F2-ECB01778A604}.Release|Any CPU.Build.0 = Release|Any CPU
	EndGlobalSection
	GlobalSection(SolutionProperties) = preSolution
		HideSolutionNode = FALSE
	EndGlobalSection
	GlobalSection(ExtensibilityGlobals) = postSolution
		SolutionGuid = {43C781FD-B61C-477F-BB06-F1D52A6ADBDC}
	EndGlobalSection
EndGlobal
